{
  "R": {
    "Version": "4.3.0",
    "Repositories": [
      {
        "Name": "CRAN",
        "URL": "https://cran.rstudio.com"
      }
    ]
  },
  "Packages": {
    "shiny": {
      "Package": "shiny",
      "Version": "1.8.0",
      "Source": "Repository",
      "Repository": "CRAN"
    },
    "shinydashboard": {
      "Package": "shinydashboard", 
      "Version": "0.7.2",
      "Source": "Repository",
      "Repository": "CRAN"
    },
    "DT": {
      "Package": "DT",
      "Version": "0.30",
      "Source": "Repository", 
      "Repository": "CRAN"
    },
    "plotly": {
      "Package": "plotly",
      "Version": "4.10.4",
      "Source": "Repository",
      "Repository": "CRAN"
    },
    "fastcpd": {
      "Package": "fastcpd",
      "Version": "0.18.0", 
      "Source": "Repository",
      "Repository": "CRAN"
    }
  }
}